{
    "_meta": {
        "hash": {
            "sha256": "3dabb6f93d5a74b47988e660b1f0ac65c844c33687620a89cb370526d57ade2e"
        },
        "pipfile-spec": 6,
        "requires": {
            "python_version": "3.10"
        },
        "sources": [
            {
                "name": "pypi",
                "url": "https://pypi.org/simple",
                "verify_ssl": true
            }
        ]
    },
    "default": {},
    "develop": {}
}
